{
  "name": "@re-headless/core",
  "version": "0.1.0",
  "lockfileVersion": 3,
  "requires": true,
  "packages": {
    "": {
      "name": "@re-headless/core",
      "version": "0.1.0",
      "dependencies": {
        "@re-headless/protocol": "file:../protocol",
        "reflect-metadata": "^0.2.2"
      }
    },
    "../protocol": {
      "name": "@re-headless/protocol",
      "version": "0.1.0"
    },
    "node_modules/@re-headless/protocol": {
      "resolved": "../protocol",
      "link": true
    },
    "node_modules/reflect-metadata": {
      "version": "0.2.2",
      "resolved": "https://registry.npmjs.org/reflect-metadata/-/reflect-metadata-0.2.2.tgz",
      "integrity": "sha512-urBwgfrvVP/eAyXx4hluJivBKzuEbSQs9rKWCrCkbSxNv8mxPcUZKeuoF3Uy4mJl3Lwprp6yy5/39VWigZ4K6Q==",
      "license": "Apache-2.0"
    }
  }
}
