<?xml version="1.0" encoding="utf-8"?>
<Project ToolsVersion="4.0" xmlns="http://schemas.microsoft.com/developer/msbuild/2003">
  <ItemGroup>
    <None Include="defs\version.def" />
  </ItemGroup>
  <ItemGroup>
    <ClCompile Include="src\bootstrap\dllmain.cpp" />
    <ClCompile Include="src\core\logging\helpers.cpp" />
    <ClCompile Include="src\core\il2cpp\il2cpp-init.cpp" />
    <ClCompile Include="src\core\il2cpp\pch-il2cpp.cpp" />
    <ClCompile Include="src\bootstrap\version.cpp" />
    <ClCompile Include="src\platform\dx11\Dx11.cpp" />
    <ClCompile Include="src\core\ipc\IpcBridge.cpp" />
    <ClCompile Include="src\features\ipc\FeatureState.cpp" />
    <ClCompile Include="src\ui\Handshake.cpp" />
    <ClCompile Include="src\ui\gui\tabs\CameraTAB.cpp" />
    <ClCompile Include="src\ui\gui\tabs\WorldTAB.cpp" />
    <ClCompile Include="src\ui\gui\tabs\PlayerTAB.cpp" />
    <ClCompile Include="src\ui\gui\tabs\TestTAB.cpp" />
    <ClCompile Include="src\features\movement\dodge\ChatToast.cpp" />
    <ClCompile Include="src\features\movement\dodge\XDodge.cpp" />
    <ClCompile Include="src\features\movement\dodge\DangerPlanner.cpp" />
    <ClCompile Include="src\features\movement\dodge\RolloutDodge.cpp" />
    <ClCompile Include="src\features\movement\dodge\GridThreatIndex.cpp" />
    <ClCompile Include="src\features\movement\dodge\MovementRuntime.cpp" />
    <ClCompile Include="src\features\movement\dodge\ProjectileCatalog.cpp" />
    <ClCompile Include="src\features\movement\dodge\SteerInput.cpp" />
    <ClCompile Include="src\ui\gui\tabs\CombatTab\CombatTAB.cpp" />
    <ClCompile Include="src\features\combat\autoaim\FeatAutoAim.cpp" />
    <ClCompile Include="src\features\combat\autoaim\FeatMagnetAim.cpp" />
    <ClCompile Include="src\features\loot\BagLooter.cpp" />
    <ClCompile Include="src\features\combat\autonexus\AutoNexus.cpp" />
    <ClCompile Include="src\features\combat\ghostHit\GhostHit.cpp" />
    <ClCompile Include="src\ui\gui\tabs\VisualsTAB.cpp" />
    <ClCompile Include="src\platform\hooks\DirectX.cpp" />
    <ClCompile Include="src\platform\hooks\InitHooks.cpp" />
    <ClCompile Include="src\features\movement\dodge\ProjectileTracking.cpp" />
    <ClCompile Include="src\features\account\HwidCapture.cpp" />
    <ClCompile Include="src\features\account\CharSelect.cpp" />
    <ClCompile Include="src\features\account\CredentialCapture.cpp" />
    <ClCompile Include="src\features\combat\autoaim\AutoAim.cpp" />
    <ClCompile Include="src\features\combat\autoability\AutoAbility.cpp" />
    <ClCompile Include="src\features\movement\dodge\AoeTracking.cpp" />
    <ClCompile Include="src\features\visuals\skins\character\SkinChanger.cpp" />
    <ClCompile Include="src\features\visuals\skins\SkinDatabase.cpp" />
    <ClCompile Include="src\features\movement\speedhack\SpeedHack.cpp" />
    <ClCompile Include="src\features\misc\FpsSetter.cpp" />
    <ClCompile Include="src\features\combat\autoaim\ProjNoclip.cpp" />
    <ClCompile Include="src\features\movement\noclip\Noclip.cpp" />
    <ClCompile Include="src\features\movement\noclip\NoclipHook.cpp" />
    <ClCompile Include="vendor\minhook\hook.c" />
    <ClCompile Include="vendor\minhook\buffer.c" />
    <ClCompile Include="vendor\minhook\trampoline.c" />
    <ClCompile Include="vendor\minhook\hde\hde64.c" />
    <ClCompile Include="src\core\config\keybinds.cpp" />
    <ClCompile Include="src\core\runtime\Il2CppResolver.cpp" />
    <ClCompile Include="src\core\runtime\RuntimeOffsets.cpp" />
    <ClCompile Include="src\core\runtime\GameState.cpp" />
    <ClCompile Include="src\core\runtime\LocalPlayer.cpp" />
    <ClCompile Include="src\core\runtime\SharedMemory.cpp" />
    <ClCompile Include="vendor\detours\detours.cpp" />
    <ClCompile Include="vendor\detours\disasm.cpp" />
    <ClCompile Include="vendor\detours\modules.cpp" />
    <ClCompile Include="vendor\imgui\imgui.cpp" />
    <ClCompile Include="vendor\imgui\imgui_draw.cpp" />
    <ClCompile Include="vendor\imgui\imgui_impl_dx11.cpp" />
    <ClCompile Include="vendor\imgui\imgui_impl_win32.cpp" />
    <ClCompile Include="vendor\imgui\imgui_tables.cpp" />
    <ClCompile Include="vendor\imgui\imgui_widgets.cpp" />
    <ClCompile Include="src\bootstrap\main.cpp" />
    <ClCompile Include="src\core\config\settings.cpp" />
  </ItemGroup>
  <ItemGroup>
    <ClInclude Include="src\game\generated\il2cpp-api-functions.h" />
    <ClInclude Include="src\game\generated\il2cpp-api-functions-ptr.h" />
    <ClInclude Include="src\game\generated\il2cpp-functions.h" />
    <ClInclude Include="src\game\generated\il2cpp-metadata-version.h" />
    <ClInclude Include="src\game\generated\il2cpp-types-ptr.h" />
    <ClInclude Include="src\game\generated\il2cpp-types.h" />
    <ClInclude Include="src\core\logging\helpers.h" />
    <ClInclude Include="src\core\il2cpp\il2cpp-appdata.h" />
    <ClInclude Include="src\core\il2cpp\il2cpp-init.h" />
    <ClInclude Include="src\core\il2cpp\pch-il2cpp.h" />
    <ClInclude Include="src\bootstrap\version.h" />
    <ClInclude Include="src\platform\dx11\Dx11.h" />
    <ClInclude Include="src\ui\IpcBridge.h" />
    <ClInclude Include="src\features\ipc\FeatureState.h" />
    <ClInclude Include="src\ui\Handshake.h" />
    <ClInclude Include="src\ui\gui\tabs\CameraTAB.h" />
    <ClInclude Include="src\ui\gui\tabs\WorldTAB.h" />
    <ClInclude Include="src\ui\gui\tabs\PlayerTAB.h" />
    <ClInclude Include="src\ui\gui\tabs\TestTAB.h" />
    <ClInclude Include="src\ui\gui\tabs\CombatTab\CombatTAB.h" />
    <ClInclude Include="src\ui\gui\tabs\VisualsTAB.h" />
    <ClInclude Include="src\game\math\W2S.h" />
    <ClInclude Include="src\platform\hooks\DirectX.h" />
    <ClInclude Include="src\platform\hooks\InitHooks.h" />
    <ClInclude Include="src\features\movement\dodge\ProjectileTracking.h" />
    <ClInclude Include="src\features\account\HwidCapture.h" />
    <ClInclude Include="src\features\account\CharSelect.h" />
    <ClInclude Include="src\features\account\CredentialCapture.h" />
    <ClInclude Include="src\features\combat\autoaim\AutoAim.h" />
    <ClInclude Include="src\features\combat\autoability\AutoAbility.h" />
    <ClInclude Include="src\features\movement\dodge\AoeTracking.h" />
    <ClInclude Include="src\features\visuals\skins\character\SkinChanger.h" />
    <ClInclude Include="src\features\visuals\skins\SkinDatabase.h" />
    <ClInclude Include="src\features\movement\speedhack\SpeedHack.h" />
    <ClInclude Include="src\features\misc\FpsSetter.h" />
    <ClInclude Include="src\features\movement\dodge\ChatToast.h" />
    <ClInclude Include="src\features\movement\dodge\XDodge.h" />
    <ClInclude Include="src\features\movement\dodge\DangerPlanner.h" />
    <ClInclude Include="src\features\movement\dodge\RolloutDodge.h" />
    <ClInclude Include="src\features\movement\dodge\ThreatIndex.h" />
    <ClInclude Include="src\features\movement\dodge\GridThreatIndex.h" />
    <ClInclude Include="src\features\movement\dodge\DodgeHit.h" />
    <ClInclude Include="src\features\movement\dodge\DodgeSpeed.h" />
    <ClInclude Include="src\features\movement\dodge\DodgeGeometry.h" />
    <ClInclude Include="src\features\movement\dodge\MovementRuntime.h" />
    <ClInclude Include="src\features\movement\dodge\ProjectileCatalog.h" />
    <ClInclude Include="src\features\movement\dodge\SteerInput.h" />
    <ClInclude Include="vendor\minhook\MinHook.h" />
    <ClInclude Include="src\core\config\keybinds.h" />
    <ClInclude Include="src\core\runtime\Il2CppResolver.h" />
    <ClInclude Include="src\core\runtime\RuntimeOffsets.h" />
    <ClInclude Include="src\core\runtime\GameState.h" />
    <ClInclude Include="src\core\runtime\LocalPlayer.h" />
    <ClInclude Include="src\core\runtime\SharedMemory.h" />
    <ClInclude Include="src\features\combat\autoaim\FeatAutoAim.h" />
    <ClInclude Include="src\features\combat\autoaim\FeatMagnetAim.h" />
    <ClInclude Include="src\features\loot\BagLooter.h" />
    <ClInclude Include="src\features\loot\LootData.h" />
    <ClInclude Include="src\features\combat\autonexus\AutoNexus.h" />
    <ClInclude Include="src\features\combat\ghostHit\GhostHit.h" />
    <ClInclude Include="src\features\combat\autoaim\ProjNoclip.h" />
    <ClInclude Include="src\features\movement\noclip\Noclip.h" />
    <ClInclude Include="src\features\movement\noclip\NoclipHook.h" />
    <ClInclude Include="src\game\symbols\BeebyteName.h" />
    <ClInclude Include="vendor\detours\detours.h" />
    <ClInclude Include="vendor\imgui\imconfig.h" />
    <ClInclude Include="vendor\imgui\imgui.h" />
    <ClInclude Include="vendor\imgui\imgui_impl_dx11.h" />
    <ClInclude Include="vendor\imgui\imgui_impl_win32.h" />
    <ClInclude Include="vendor\imgui\imgui_internal.h" />
    <ClInclude Include="vendor\imgui\imstb_rectpack.h" />
    <ClInclude Include="vendor\imgui\imstb_textedit.h" />
    <ClInclude Include="vendor\imgui\imstb_truetype.h" />
    <ClInclude Include="src\bootstrap\main.h" />
    <ClInclude Include="src\core\config\settings.h" />
  </ItemGroup>
  <ItemGroup>
    <Filter Include="appdata">
      <UniqueIdentifier>{c05ecbb0-c329-4bbb-862f-42d09b3f2344}</UniqueIdentifier>
    </Filter>
    <Filter Include="framework">
      <UniqueIdentifier>{37686ba7-a34d-4a2c-875f-76ea7c2966aa}</UniqueIdentifier>
    </Filter>
    <Filter Include="user">
      <UniqueIdentifier>{8d012957-e190-421f-97a8-a20bdede5876}</UniqueIdentifier>
    </Filter>
    <Filter Include="libraries">
      <UniqueIdentifier>{9f9c6c12-6f55-4ba4-a15d-7311ef7a5401}</UniqueIdentifier>
    </Filter>
    <Filter Include="libraries\detours">
      <UniqueIdentifier>{53655ce9-9b58-4e51-a814-50520f1eedf9}</UniqueIdentifier>
    </Filter>
    <Filter Include="libraries\imgui">
      <UniqueIdentifier>{5ad64231-b799-4070-a7eb-5142673fec19}</UniqueIdentifier>
    </Filter>
    <Filter Include="handlers">
      <UniqueIdentifier>{7e4762a3-b79b-4ff8-84d6-f6c6992ad21f}</UniqueIdentifier>
    </Filter>
    <Filter Include="handlers\gui">
      <UniqueIdentifier>{34cbddef-5448-472b-b7f1-1ff40c8761e4}</UniqueIdentifier>
    </Filter>
    <Filter Include="handlers\gui\tabs">
      <UniqueIdentifier>{bad24293-8698-4647-ba7b-ea4869111055}</UniqueIdentifier>
    </Filter>
    <Filter Include="handlers\hooks">
      <UniqueIdentifier>{805e5f6b-185c-4c5e-b49b-63778f7e3929}</UniqueIdentifier>
    </Filter>
    <Filter Include="definitions">
      <UniqueIdentifier>{7d917a43-6f31-4ba9-8ef2-4ce46ddeb7df}</UniqueIdentifier>
    </Filter>
  </ItemGroup>
</Project>