{
  "name": "muling-headless",
  "version": "0.1.0",
  "lockfileVersion": 3,
  "requires": true,
  "packages": {
    "": {
      "name": "muling-headless",
      "version": "0.1.0",
      "dependencies": {
        "@re-headless/core": "file:../packages/core",
        "@re-headless/protocol": "file:../packages/protocol",
        "reflect-metadata": "^0.2.2"
      },
      "devDependencies": {
        "@types/node": "^20.11.0",
        "typescript": "^5.4.0"
      }
    },
    "../../../TsPyrelay/packages/core": {
      "name": "@re-headless/core",
      "version": "0.1.0",
      "extraneous": true,
      "dependencies": {
        "@re-headless/protocol": "0.1.0",
        "reflect-metadata": "^0.2.2"
      }
    },
    "../../../TsPyrelay/packages/protocol": {
      "name": "@re-headless/protocol",
      "version": "0.1.0",
      "extraneous": true
    },
    "../packages/core": {
      "name": "@re-headless/core",
      "version": "0.1.0",
      "dependencies": {
        "@re-headless/protocol": "file:../protocol",
        "reflect-metadata": "^0.2.2"
      }
    },
    "../packages/protocol": {
      "name": "@re-headless/protocol",
      "version": "0.1.0"
    },
    "node_modules/@re-headless/core": {
      "resolved": "../packages/core",
      "link": true
    },
    "node_modules/@re-headless/protocol": {
      "resolved": "../packages/protocol",
      "link": true
    },
    "node_modules/@types/node": {
      "version": "20.19.39",
      "resolved": "https://registry.npmjs.org/@types/node/-/node-20.19.39.tgz",
      "integrity": "sha512-orrrD74MBUyK8jOAD/r0+lfa1I2MO6I+vAkmAWzMYbCcgrN4lCrmK52gRFQq/JRxfYPfonkr4b0jcY7Olqdqbw==",
      "dev": true,
      "license": "MIT",
      "dependencies": {
        "undici-types": "~6.21.0"
      }
    },
    "node_modules/reflect-metadata": {
      "version": "0.2.2",
      "resolved": "https://registry.npmjs.org/reflect-metadata/-/reflect-metadata-0.2.2.tgz",
      "integrity": "sha512-urBwgfrvVP/eAyXx4hluJivBKzuEbSQs9rKWCrCkbSxNv8mxPcUZKeuoF3Uy4mJl3Lwprp6yy5/39VWigZ4K6Q==",
      "license": "Apache-2.0"
    },
    "node_modules/typescript": {
      "version": "5.9.3",
      "resolved": "https://registry.npmjs.org/typescript/-/typescript-5.9.3.tgz",
      "integrity": "sha512-jl1vZzPDinLr9eUt3J/t7V6FgNEw9QjvBPdysz9KfQDD41fQrC2Y4vKQdiaUpFT4bXlb1RHhLpp8wtm6M5TgSw==",
      "dev": true,
      "license": "Apache-2.0",
      "bin": {
        "tsc": "bin/tsc",
        "tsserver": "bin/tsserver"
      },
      "engines": {
        "node": ">=14.17"
      }
    },
    "node_modules/undici-types": {
      "version": "6.21.0",
      "resolved": "https://registry.npmjs.org/undici-types/-/undici-types-6.21.0.tgz",
      "integrity": "sha512-iwDZqg0QAGrg9Rav5H4n0M64c3mkR59cJ6wQp+7C4nI0gsmExaedaYLNO44eT4AtBBwjbTiGPMlt2Md0T9H9JQ==",
      "dev": true,
      "license": "MIT"
    }
  }
}
